// !$*UTF8*$!
{
	archiveVersion = 1;
	classes = {
	};
	objectVersion = 46;
	objects = {

/* Begin PBXBuildFile section */
		BC24C2431B4E4DE800A74167 /* main.m in Sources */ = {isa = PBXBuildFile; fileRef = BC24C2421B4E4DE800A74167 /* main.m */; };
		BC24C2461B4E4DE800A74167 /* AppDelegate.m in Sources */ = {isa = PBXBuildFile; fileRef = BC24C2451B4E4DE800A74167 /* AppDelegate.m */; };
		BC24C2491B4E4DE800A74167 /* UI_UIGesture.xcdatamodeld in Sources */ = {isa = PBXBuildFile; fileRef = BC24C2471B4E4DE800A74167 /* UI_UIGesture.xcdatamodeld */; };
		BC24C24C1B4E4DE800A74167 /* ViewController.m in Sources */ = {isa = PBXBuildFile; fileRef = BC24C24B1B4E4DE800A74167 /* ViewController.m */; };
		BC24C24F1B4E4DE800A74167 /* Main.storyboard in Resources */ = {isa = PBXBuildFile; fileRef = BC24C24D1B4E4DE800A74167 /* Main.storyboard */; };
		BC24C2511B4E4DE800A74167 /* Images.xcassets in Resources */ = {isa = PBXBuildFile; fileRef = BC24C2501B4E4DE800A74167 /* Images.xcassets */; };
		BC24C2541B4E4DE800A74167 /* LaunchScreen.xib in Resources */ = {isa = PBXBuildFile; fileRef = BC24C2521B4E4DE800A74167 /* LaunchScreen.xib */; };
		BC24C2601B4E4DE800A74167 /* UI_UIGestureTests.m in Sources */ = {isa = PBXBuildFile; fileRef = BC24C25F1B4E4DE800A74167 /* UI_UIGestureTests.m */; };
		BC24C26D1B4E50A000A74167 /* blue.png in Resources */ = {isa = PBXBuildFile; fileRef = BC24C26A1B4E50A000A74167 /* blue.png */; };
		BC24C26E1B4E50A000A74167 /* red.png in Resources */ = {isa = PBXBuildFile; fileRef = BC24C26B1B4E50A000A74167 /* red.png */; };
		BC24C26F1B4E50A000A74167 /* yellow.png in Resources */ = {isa = PBXBuildFile; fileRef = BC24C26C1B4E50A000A74167 /* yellow.png */; };
/* End PBXBuildFile section */

/* Begin PBXContainerItemProxy section */
		BC24C25A1B4E4DE800A74167 /* PBXContainerItemProxy */ = {
			isa = PBXContainerItemProxy;
			containerPortal = BC24C2351B4E4DE800A74167 /* Project object */;
			proxyType = 1;
			remoteGlobalIDString = BC24C23C1B4E4DE800A74167;
			remoteInfo = UI_UIGesture;
		};
/* End PBXContainerItemProxy section */

/* Begin PBXFileReference section */
		BC24C23D1B4E4DE800A74167 /* UI_UIGesture.app */ = {isa = PBXFileReference; explicitFileType = wrapper.application; includeInIndex = 0; path = UI_UIGesture.app; sourceTree = BUILT_PRODUCTS_DIR; };
		BC24C2411B4E4DE800A74167 /* Info.plist */ = {isa = PBXFileReference; lastKnownFileType = text.plist.xml; path = Info.plist; sourceTree = "<group>"; };
		BC24C2421B4E4DE800A74167 /* main.m */ = {isa = PBXFileReference; lastKnownFileType = sourcecode.c.objc; path = main.m; sourceTree = "<group>"; };
		BC24C2441B4E4DE800A74167 /* AppDelegate.h */ = {isa = PBXFileReference; lastKnownFileType = sourcecode.c.h; path = AppDelegate.h; sourceTree = "<group>"; };
		BC24C2451B4E4DE800A74167 /* AppDelegate.m */ = {isa = PBXFileReference; lastKnownFileType = sourcecode.c.objc; path = AppDelegate.m; sourceTree = "<group>"; };
		BC24C2481B4E4DE800A74167 /* UI_UIGesture.xcdatamodel */ = {isa = PBXFileReference; lastKnownFileType = wrapper.xcdatamodel; path = UI_UIGesture.xcdatamodel; sourceTree = "<group>"; };
		BC24C24A1B4E4DE800A74167 /* ViewController.h */ = {isa = PBXFileReference; lastKnownFileType = sourcecode.c.h; path = ViewController.h; sourceTree = "<group>"; };
		BC24C24B1B4E4DE800A74167 /* ViewController.m */ = {isa = PBXFileReference; lastKnownFileType = sourcecode.c.objc; path = ViewController.m; sourceTree = "<group>"; };
		BC24C24E1B4E4DE800A74167 /* Base */ = {isa = PBXFileReference; lastKnownFileType = file.storyboard; name = Base; path = Base.lproj/Main.storyboard; sourceTree = "<group>"; };
		BC24C2501B4E4DE800A74167 /* Images.xcassets */ = {isa = PBXFileReference; lastKnownFileType = folder.assetcatalog; path = Images.xcassets; sourceTree = "<group>"; };
		BC24C2531B4E4DE800A74167 /* Base */ = {isa = PBXFileReference; lastKnownFileType = file.xib; name = Base; path = Base.lproj/LaunchScreen.xib; sourceTree = "<group>"; };
		BC24C2591B4E4DE800A74167 /* UI_UIGestureTests.xctest */ = {isa = PBXFileReference; explicitFileType = wrapper.cfbundle; includeInIndex = 0; path = UI_UIGestureTests.xctest; sourceTree = BUILT_PRODUCTS_DIR; };
		BC24C25E1B4E4DE800A74167 /* Info.plist */ = {isa = PBXFileReference; lastKnownFileType = text.plist.xml; path = Info.plist; sourceTree = "<group>"; };
		BC24C25F1B4E4DE800A74167 /* UI_UIGestureTests.m */ = {isa = PBXFileReference; lastKnownFileType = sourcecode.c.objc; path = UI_UIGestureTests.m; sourceTree = "<group>"; };
		BC24C26A1B4E50A000A74167 /* blue.png */ = {isa = PBXFileReference; lastKnownFileType = image.png; path = blue.png; sourceTree = "<group>"; };
		BC24C26B1B4E50A000A74167 /* red.png */ = {isa = PBXFileReference; lastKnownFileType = image.png; path = red.png; sourceTree = "<group>"; };
		BC24C26C1B4E50A000A74167 /* yellow.png */ = {isa = PBXFileReference; lastKnownFileType = image.png; path = yellow.png; sourceTree = "<group>"; };
/* End PBXFileReference section */

/* Begin PBXFrameworksBuildPhase section */
		BC24C23A1B4E4DE800A74167 /* Frameworks */ = {
			isa = PBXFrameworksBuildPhase;
			buildActionMask = 2147483647;
			files = (
			);
			runOnlyForDeploymentPostprocessing = 0;
		};
		BC24C2561B4E4DE800A74167 /* Frameworks */ = {
			isa = PBXFrameworksBuildPhase;
			buildActionMask = 2147483647;
			files = (
			);
			runOnlyForDeploymentPostprocessing = 0;
		};
/* End PBXFrameworksBuildPhase section */

/* Begin PBXGroup section */
		BC24C2341B4E4DE800A74167 = {
			isa = PBXGroup;
			children = (
				BC24C2691B4E50A000A74167 /* gestureImage */,
				BC24C23F1B4E4DE800A74167 /* UI_UIGesture */,
				BC24C25C1B4E4DE800A74167 /* UI_UIGestureTests */,
				BC24C23E1B4E4DE800A74167 /* Products */,
			);
			sourceTree = "<group>";
		};
		BC24C23E1B4E4DE800A74167 /* Products */ = {
			isa = PBXGroup;
			children = (
				BC24C23D1B4E4DE800A74167 /* UI_UIGesture.app */,
				BC24C2591B4E4DE800A74167 /* UI_UIGestureTests.xctest */,
			);
			name = Products;
			sourceTree = "<group>";
		};
		BC24C23F1B4E4DE800A74167 /* UI_UIGesture */ = {
			isa = PBXGroup;
			children = (
				BC24C2441B4E4DE800A74167 /* AppDelegate.h */,
				BC24C2451B4E4DE800A74167 /* AppDelegate.m */,
				BC24C24A1B4E4DE800A74167 /* ViewController.h */,
				BC24C24B1B4E4DE800A74167 /* ViewController.m */,
				BC24C24D1B4E4DE800A74167 /* Main.storyboard */,
				BC24C2501B4E4DE800A74167 /* Images.xcassets */,
				BC24C2521B4E4DE800A74167 /* LaunchScreen.xib */,
				BC24C2471B4E4DE800A74167 /* UI_UIGesture.xcdatamodeld */,
				BC24C2401B4E4DE800A74167 /* Supporting Files */,
			);
			path = UI_UIGesture;
			sourceTree = "<group>";
		};
		BC24C2401B4E4DE800A74167 /* Supporting Files */ = {
			isa = PBXGroup;
			children = (
				BC24C2411B4E4DE800A74167 /* Info.plist */,
				BC24C2421B4E4DE800A74167 /* main.m */,
			);
			name = "Supporting Files";
			sourceTree = "<group>";
		};
		BC24C25C1B4E4DE800A74167 /* UI_UIGestureTests */ = {
			isa = PBXGroup;
			children = (
				BC24C25F1B4E4DE800A74167 /* UI_UIGestureTests.m */,
				BC24C25D1B4E4DE800A74167 /* Supporting Files */,
			);
			path = UI_UIGestureTests;
			sourceTree = "<group>";
		};
		BC24C25D1B4E4DE800A74167 /* Supporting Files */ = {
			isa = PBXGroup;
			children = (
				BC24C25E1B4E4DE800A74167 /* Info.plist */,
			);
			name = "Supporting Files";
			sourceTree = "<group>";
		};
		BC24C2691B4E50A000A74167 /* gestureImage */ = {
			isa = PBXGroup;
			children = (
				BC24C26A1B4E50A000A74167 /* blue.png */,
				BC24C26B1B4E50A000A74167 /* red.png */,
				BC24C26C1B4E50A000A74167 /* yellow.png */,
			);
			path = gestureImage;
			sourceTree = "<group>";
		};
/* End PBXGroup section */

/* Begin PBXNativeTarget section */
		BC24C23C1B4E4DE800A74167 /* UI_UIGesture */ = {
			isa = PBXNativeTarget;
			buildConfigurationList = BC24C2631B4E4DE800A74167 /* Build configuration list for PBXNativeTarget "UI_UIGesture" */;
			buildPhases = (
				BC24C2391B4E4DE800A74167 /* Sources */,
				BC24C23A1B4E4DE800A74167 /* Frameworks */,
				BC24C23B1B4E4DE800A74167 /* Resources */,
			);
			buildRules = (
			);
			dependencies = (
			);
			name = UI_UIGesture;
			productName = UI_UIGesture;
			productReference = BC24C23D1B4E4DE800A74167 /* UI_UIGesture.app */;
			productType = "com.apple.product-type.application";
		};
		BC24C2581B4E4DE800A74167 /* UI_UIGestureTests */ = {
			isa = PBXNativeTarget;
			buildConfigurationList = BC24C2661B4E4DE800A74167 /* Build configuration list for PBXNativeTarget "UI_UIGestureTests" */;
			buildPhases = (
				BC24C2551B4E4DE800A74167 /* Sources */,
				BC24C2561B4E4DE800A74167 /* Frameworks */,
				BC24C2571B4E4DE800A74167 /* Resources */,
			);
			buildRules = (
			);
			dependencies = (
				BC24C25B1B4E4DE800A74167 /* PBXTargetDependency */,
			);
			name = UI_UIGestureTests;
			productName = UI_UIGestureTests;
			productReference = BC24C2591B4E4DE800A74167 /* UI_UIGestureTests.xctest */;
			productType = "com.apple.product-type.bundle.unit-test";
		};
/* End PBXNativeTarget section */

/* Begin PBXProject section */
		BC24C2351B4E4DE800A74167 /* Project object */ = {
			isa = PBXProject;
			attributes = {
				LastUpgradeCheck = 0640;
				ORGANIZATIONNAME = qianfeng32;
				TargetAttributes = {
					BC24C23C1B4E4DE800A74167 = {
						CreatedOnToolsVersion = 6.4;
					};
					BC24C2581B4E4DE800A74167 = {
						CreatedOnToolsVersion = 6.4;
						TestTargetID = BC24C23C1B4E4DE800A74167;
					};
				};
			};
			buildConfigurationList = BC24C2381B4E4DE800A74167 /* Build configuration list for PBXProject "UI_UIGesture" */;
			compatibilityVersion = "Xcode 3.2";
			developmentRegion = English;
			hasScannedForEncodings = 0;
			knownRegions = (
				en,
				Base,
			);
			mainGroup = BC24C2341B4E4DE800A74167;
			productRefGroup = BC24C23E1B4E4DE800A74167 /* Products */;
			projectDirPath = "";
			projectRoot = "";
			targets = (
				BC24C23C1B4E4DE800A74167 /* UI_UIGesture */,
				BC24C2581B4E4DE800A74167 /* UI_UIGestureTests */,
			);
		};
/* End PBXProject section */

/* Begin PBXResourcesBuildPhase section */
		BC24C23B1B4E4DE800A74167 /* Resources */ = {
			isa = PBXResourcesBuildPhase;
			buildActionMask = 2147483647;
			files = (
				BC24C24F1B4E4DE800A74167 /* Main.storyboard in Resources */,
				BC24C26F1B4E50A000A74167 /* yellow.png in Resources */,
				BC24C2541B4E4DE800A74167 /* LaunchScreen.xib in Resources */,
				BC24C2511B4E4DE800A74167 /* Images.xcassets in Resources */,
				BC24C26E1B4E50A000A74167 /* red.png in Resources */,
				BC24C26D1B4E50A000A74167 /* blue.png in Resources */,
			);
			runOnlyForDeploymentPostprocessing = 0;
		};
		BC24C2571B4E4DE800A74167 /* Resources */ = {
			isa = PBXResourcesBuildPhase;
			buildActionMask = 2147483647;
			files = (
			);
			runOnlyForDeploymentPostprocessing = 0;
		};
/* End PBXResourcesBuildPhase section */

/* Begin PBXSourcesBuildPhase section */
		BC24C2391B4E4DE800A74167 /* Sources */ = {
			isa = PBXSourcesBuildPhase;
			buildActionMask = 2147483647;
			files = (
				BC24C2491B4E4DE800A74167 /* UI_UIGesture.xcdatamodeld in Sources */,
				BC24C2461B4E4DE800A74167 /* AppDelegate.m in Sources */,
				BC24C24C1B4E4DE800A74167 /* ViewController.m in Sources */,
				BC24C2431B4E4DE800A74167 /* main.m in Sources */,
			);
			runOnlyForDeploymentPostprocessing = 0;
		};
		BC24C2551B4E4DE800A74167 /* Sources */ = {
			isa = PBXSourcesBuildPhase;
			buildActionMask = 2147483647;
			files = (
				BC24C2601B4E4DE800A74167 /* UI_UIGestureTests.m in Sources */,
			);
			runOnlyForDeploymentPostprocessing = 0;
		};
/* End PBXSourcesBuildPhase section */

/* Begin PBXTargetDependency section */
		BC24C25B1B4E4DE800A74167 /* PBXTargetDependency */ = {
			isa = PBXTargetDependency;
			target = BC24C23C1B4E4DE800A74167 /* UI_UIGesture */;
			targetProxy = BC24C25A1B4E4DE800A74167 /* PBXContainerItemProxy */;
		};
/* End PBXTargetDependency section */

/* Begin PBXVariantGroup section */
		BC24C24D1B4E4DE800A74167 /* Main.storyboard */ = {
			isa = PBXVariantGroup;
			children = (
				BC24C24E1B4E4DE800A74167 /* Base */,
			);
			name = Main.storyboard;
			sourceTree = "<group>";
		};
		BC24C2521B4E4DE800A74167 /* LaunchScreen.xib */ = {
			isa = PBXVariantGroup;
			children = (
				BC24C2531B4E4DE800A74167 /* Base */,
			);
			name = LaunchScreen.xib;
			sourceTree = "<group>";
		};
/* End PBXVariantGroup section */

/* Begin XCBuildConfiguration section */
		BC24C2611B4E4DE800A74167 /* Debug */ = {
			isa = XCBuildConfiguration;
			buildSettings = {
				ALWAYS_SEARCH_USER_PATHS = NO;
				CLANG_CXX_LANGUAGE_STANDARD = "gnu++0x";
				CLANG_CXX_LIBRARY = "libc++";
				CLANG_ENABLE_MODULES = YES;
				CLANG_ENABLE_OBJC_ARC = YES;
				CLANG_WARN_BOOL_CONVERSION = YES;
				CLANG_WARN_CONSTANT_CONVERSION = YES;
				CLANG_WARN_DIRECT_OBJC_ISA_USAGE = YES_ERROR;
				CLANG_WARN_EMPTY_BODY = YES;
				CLANG_WARN_ENUM_CONVERSION = YES;
				CLANG_WARN_INT_CONVERSION = YES;
				CLANG_WARN_OBJC_ROOT_CLASS = YES_ERROR;
				CLANG_WARN_UNREACHABLE_CODE = YES;
				CLANG_WARN__DUPLICATE_METHOD_MATCH = YES;
				"CODE_SIGN_IDENTITY[sdk=iphoneos*]" = "iPhone Developer";
				COPY_PHASE_STRIP = NO;
				DEBUG_INFORMATION_FORMAT = "dwarf-with-dsym";
				ENABLE_STRICT_OBJC_MSGSEND = YES;
				GCC_C_LANGUAGE_STANDARD = gnu99;
				GCC_DYNAMIC_NO_PIC = NO;
				GCC_NO_COMMON_BLOCKS = YES;
				GCC_OPTIMIZATION_LEVEL = 0;
				GCC_PREPROCESSOR_DEFINITIONS = (
					"DEBUG=1",
					"$(inherited)",
				);
				GCC_SYMBOLS_PRIVATE_EXTERN = NO;
				GCC_WARN_64_TO_32_BIT_CONVERSION = YES;
				GCC_WARN_ABOUT_RETURN_TYPE = YES_ERROR;
				GCC_WARN_UNDECLARED_SELECTOR = YES;
				GCC_WARN_UNINITIALIZED_AUTOS = YES_AGGRESSIVE;
				GCC_WARN_UNUSED_FUNCTION = YES;
				GCC_WARN_UNUSED_VARIABLE = YES;
				IPHONEOS_DEPLOYMENT_TARGET = 8.4;
				MTL_ENABLE_DEBUG_INFO = YES;
				ONLY_ACTIVE_ARCH = YES;
				SDKROOT = iphoneos;
			};
			name = Debug;
		};
		BC24C2621B4E4DE800A74167 /* Release */ = {
			isa = XCBuildConfiguration;
			buildSettings = {
				ALWAYS_SEARCH_USER_PATHS = NO;
				CLANG_CXX_LANGUAGE_STANDARD = "gnu++0x";
				CLANG_CXX_LIBRARY = "libc++";
				CLANG_ENABLE_MODULES = YES;
				CLANG_ENABLE_OBJC_ARC = YES;
				CLANG_WARN_BOOL_CONVERSION = YES;
				CLANG_WARN_CONSTANT_CONVERSION = YES;
				CLANG_WARN_DIRECT_OBJC_ISA_USAGE = YES_ERROR;
				CLANG_WARN_EMPTY_BODY = YES;
				CLANG_WARN_ENUM_CONVERSION = YES;
				CLANG_WARN_INT_CONVERSION = YES;
				CLANG_WARN_OBJC_ROOT_CLASS = YES_ERROR;
				CLANG_WARN_UNREACHABLE_CODE = YES;
				CLANG_WARN__DUPLICATE_METHOD_MATCH = YES;
				"CODE_SIGN_IDENTITY[sdk=iphoneos*]" = "iPhone Developer";
				COPY_PHASE_STRIP = NO;
				DEBUG_INFORMATION_FORMAT = "dwarf-with-dsym";
				ENABLE_NS_ASSERTIONS = NO;
				ENABLE_STRICT_OBJC_MSGSEND = YES;
				GCC_C_LANGUAGE_STANDARD = gnu99;
				GCC_NO_COMMON_BLOCKS = YES;
				GCC_WARN_64_TO_32_BIT_CONVERSION = YES;
				GCC_WARN_ABOUT_RETURN_TYPE = YES_ERROR;
				GCC_WARN_UNDECLARED_SELECTOR = YES;
				GCC_WARN_UNINITIALIZED_AUTOS = YES_AGGRESSIVE;
				GCC_WARN_UNUSED_FUNCTION = YES;
				GCC_WARN_UNUSED_VARIABLE = YES;
				IPHONEOS_DEPLOYMENT_TARGET = 8.4;
				MTL_ENABLE_DEBUG_INFO = NO;
				SDKROOT = iphoneos;
				VALIDATE_PRODUCT = YES;
			};
			name = Release;
		};
		BC24C2641B4E4DE800A74167 /* Debug */ = {
			isa = XCBuildConfiguration;
			buildSettings = {
				ASSETCATALOG_COMPILER_APPICON_NAME = AppIcon;
				INFOPLIST_FILE = UI_UIGesture/Info.plist;
				LD_RUNPATH_SEARCH_PATHS = "$(inherited) @executable_path/Frameworks";
				PRODUCT_NAME = "$(TARGET_NAME)";
			};
			name = Debug;
		};
		BC24C2651B4E4DE800A74167 /* Release */ = {
			isa = XCBuildConfiguration;
			buildSettings = {
				ASSETCATALOG_COMPILER_APPICON_NAME = AppIcon;
				INFOPLIST_FILE = UI_UIGesture/Info.plist;
				LD_RUNPATH_SEARCH_PATHS = "$(inherited) @executable_path/Frameworks";
				PRODUCT_NAME = "$(TARGET_NAME)";
			};
			name = Release;
		};
		BC24C2671B4E4DE800A74167 /* Debug */ = {
			isa = XCBuildConfiguration;
			buildSettings = {
				BUNDLE_LOADER = "$(TEST_HOST)";
				FRAMEWORK_SEARCH_PATHS = (
					"$(SDKROOT)/Developer/Library/Frameworks",
					"$(inherited)",
				);
				GCC_PREPROCESSOR_DEFINITIONS = (
					"DEBUG=1",
					"$(inherited)",
				);
				INFOPLIST_FILE = UI_UIGestureTests/Info.plist;
				LD_RUNPATH_SEARCH_PATHS = "$(inherited) @executable_path/Frameworks @loader_path/Frameworks";
				PRODUCT_NAME = "$(TARGET_NAME)";
				TEST_HOST = "$(BUILT_PRODUCTS_DIR)/UI_UIGesture.app/UI_UIGesture";
			};
			name = Debug;
		};
		BC24C2681B4E4DE800A74167 /* Release */ = {
			isa = XCBuildConfiguration;
			buildSettings = {
				BUNDLE_LOADER = "$(TEST_HOST)";
				FRAMEWORK_SEARCH_PATHS = (
					"$(SDKROOT)/Developer/Library/Frameworks",
					"$(inherited)",
				);
				INFOPLIST_FILE = UI_UIGestureTests/Info.plist;
				LD_RUNPATH_SEARCH_PATHS = "$(inherited) @executable_path/Frameworks @loader_path/Frameworks";
				PRODUCT_NAME = "$(TARGET_NAME)";
				TEST_HOST = "$(BUILT_PRODUCTS_DIR)/UI_UIGesture.app/UI_UIGesture";
			};
			name = Release;
		};
/* End XCBuildConfiguration section */

/* Begin XCConfigurationList section */
		BC24C2381B4E4DE800A74167 /* Build configuration list for PBXProject "UI_UIGesture" */ = {
			isa = XCConfigurationList;
			buildConfigurations = (
				BC24C2611B4E4DE800A74167 /* Debug */,
				BC24C2621B4E4DE800A74167 /* Release */,
			);
			defaultConfigurationIsVisible = 0;
			defaultConfigurationName = Release;
		};
		BC24C2631B4E4DE800A74167 /* Build configuration list for PBXNativeTarget "UI_UIGesture" */ = {
			isa = XCConfigurationList;
			buildConfigurations = (
				BC24C2641B4E4DE800A74167 /* Debug */,
				BC24C2651B4E4DE800A74167 /* Release */,
			);
			defaultConfigurationIsVisible = 0;
		};
		BC24C2661B4E4DE800A74167 /* Build configuration list for PBXNativeTarget "UI_UIGestureTests" */ = {
			isa = XCConfigurationList;
			buildConfigurations = (
				BC24C2671B4E4DE800A74167 /* Debug */,
				BC24C2681B4E4DE800A74167 /* Release */,
			);
			defaultConfigurationIsVisible = 0;
		};
/* End XCConfigurationList section */

/* Begin XCVersionGroup section */
		BC24C2471B4E4DE800A74167 /* UI_UIGesture.xcdatamodeld */ = {
			isa = XCVersionGroup;
			children = (
				BC24C2481B4E4DE800A74167 /* UI_UIGesture.xcdatamodel */,
			);
			currentVersion = BC24C2481B4E4DE800A74167 /* UI_UIGesture.xcdatamodel */;
			path = UI_UIGesture.xcdatamodeld;
			sourceTree = "<group>";
			versionGroupType = wrapper.xcdatamodel;
		};
/* End XCVersionGroup section */
	};
	rootObject = BC24C2351B4E4DE800A74167 /* Project object */;
}
